
Microsoft Visual Studio Solution File, Format Version 12.00
Project("{FAE04EC0-301F-11D3-BF4B-00C04F79EFBC}") = "Day01", "Day01\Day01.csproj", "{085CA4AD-E119-4EEC-8FBE-58F8D61F9D6B}"
EndProject
Project("{FAE04EC0-301F-11D3-BF4B-00C04F79EFBC}") = "Day02", "Day02\Day02.csproj", "{18C215F1-A047-43DA-AAB1-533A04CCEE08}"
EndProject
Project("{FAE04EC0-301F-11D3-BF4B-00C04F79EFBC}") = "Day03", "Day03\Day03.csproj", "{235DAB70-DC19-4154-907B-4CA1DAA9E9C2}"
EndProject
Project("{FAE04EC0-301F-11D3-BF4B-00C04F79EFBC}") = "Day04", "Day04\Day04.csproj", "{B22F5898-5131-4DDB-92FD-B97DD24C8F05}"
EndProject
Project("{FAE04EC0-301F-11D3-BF4B-00C04F79EFBC}") = "Day05", "Day05\Day05.csproj", "{EB0FD5E2-5201-4CAA-94E0-4E3215C2DA32}"
EndProject
Project("{FAE04EC0-301F-11D3-BF4B-00C04F79EFBC}") = "Day06", "Day06\Day06.csproj", "{2687A02B-81D3-41A8-8E67-849DCEB6DF52}"
EndProject
Project("{FAE04EC0-301F-11D3-BF4B-00C04F79EFBC}") = "Day07", "Day07\Day07.csproj", "{1E135C1D-548A-464A-85E9-C43DFCABABCB}"
EndProject
Project("{FAE04EC0-301F-11D3-BF4B-00C04F79EFBC}") = "Day08", "Day08\Day08.csproj", "{DAFC0772-A670-4AB4-A19A-FA74FA42B4E9}"
EndProject
Project("{FAE04EC0-301F-11D3-BF4B-00C04F79EFBC}") = "Day09", "Day09\Day09.csproj", "{181AAFA6-A05D-4501-99E4-BE3B6EDA8C00}"
EndProject
Project("{FAE04EC0-301F-11D3-BF4B-00C04F79EFBC}") = "Day10", "Day10\src\Day10.csproj", "{7D070EFF-3D8F-4629-B762-3E961784B6DE}"
EndProject
Project("{FAE04EC0-301F-11D3-BF4B-00C04F79EFBC}") = "Day10.Tests", "Day10\tests\Day10.Tests.csproj", "{22154036-4A51-4229-9FA4-BFFE9CC4DC6B}"
EndProject
Global
	GlobalSection(SolutionConfigurationPlatforms) = preSolution
		Debug|Any CPU = Debug|Any CPU
		Release|Any CPU = Release|Any CPU
	EndGlobalSection
	GlobalSection(ProjectConfigurationPlatforms) = postSolution
		{085CA4AD-E119-4EEC-8FBE-58F8D61F9D6B}.Debug|Any CPU.ActiveCfg = Debug|Any CPU
		{085CA4AD-E119-4EEC-8FBE-58F8D61F9D6B}.Debug|Any CPU.Build.0 = Debug|Any CPU
		{085CA4AD-E119-4EEC-8FBE-58F8D61F9D6B}.Release|Any CPU.ActiveCfg = Release|Any CPU
		{085CA4AD-E119-4EEC-8FBE-58F8D61F9D6B}.Release|Any CPU.Build.0 = Release|Any CPU
		{18C215F1-A047-43DA-AAB1-533A04CCEE08}.Debug|Any CPU.ActiveCfg = Debug|Any CPU
		{18C215F1-A047-43DA-AAB1-533A04CCEE08}.Debug|Any CPU.Build.0 = Debug|Any CPU
		{18C215F1-A047-43DA-AAB1-533A04CCEE08}.Release|Any CPU.ActiveCfg = Release|Any CPU
		{18C215F1-A047-43DA-AAB1-533A04CCEE08}.Release|Any CPU.Build.0 = Release|Any CPU
		{235DAB70-DC19-4154-907B-4CA1DAA9E9C2}.Debug|Any CPU.ActiveCfg = Debug|Any CPU
		{235DAB70-DC19-4154-907B-4CA1DAA9E9C2}.Debug|Any CPU.Build.0 = Debug|Any CPU
		{235DAB70-DC19-4154-907B-4CA1DAA9E9C2}.Release|Any CPU.ActiveCfg = Release|Any CPU
		{235DAB70-DC19-4154-907B-4CA1DAA9E9C2}.Release|Any CPU.Build.0 = Release|Any CPU
		{B22F5898-5131-4DDB-92FD-B97DD24C8F05}.Debug|Any CPU.ActiveCfg = Debug|Any CPU
		{B22F5898-5131-4DDB-92FD-B97DD24C8F05}.Debug|Any CPU.Build.0 = Debug|Any CPU
		{B22F5898-5131-4DDB-92FD-B97DD24C8F05}.Release|Any CPU.ActiveCfg = Release|Any CPU
		{B22F5898-5131-4DDB-92FD-B97DD24C8F05}.Release|Any CPU.Build.0 = Release|Any CPU
		{EB0FD5E2-5201-4CAA-94E0-4E3215C2DA32}.Debug|Any CPU.ActiveCfg = Debug|Any CPU
		{EB0FD5E2-5201-4CAA-94E0-4E3215C2DA32}.Debug|Any CPU.Build.0 = Debug|Any CPU
		{EB0FD5E2-5201-4CAA-94E0-4E3215C2DA32}.Release|Any CPU.ActiveCfg = Release|Any CPU
		{EB0FD5E2-5201-4CAA-94E0-4E3215C2DA32}.Release|Any CPU.Build.0 = Release|Any CPU
		{2687A02B-81D3-41A8-8E67-849DCEB6DF52}.Debug|Any CPU.ActiveCfg = Debug|Any CPU
		{2687A02B-81D3-41A8-8E67-849DCEB6DF52}.Debug|Any CPU.Build.0 = Debug|Any CPU
		{2687A02B-81D3-41A8-8E67-849DCEB6DF52}.Release|Any CPU.ActiveCfg = Release|Any CPU
		{2687A02B-81D3-41A8-8E67-849DCEB6DF52}.Release|Any CPU.Build.0 = Release|Any CPU
		{1E135C1D-548A-464A-85E9-C43DFCABABCB}.Debug|Any CPU.ActiveCfg = Debug|Any CPU
		{1E135C1D-548A-464A-85E9-C43DFCABABCB}.Debug|Any CPU.Build.0 = Debug|Any CPU
		{1E135C1D-548A-464A-85E9-C43DFCABABCB}.Release|Any CPU.ActiveCfg = Release|Any CPU
		{1E135C1D-548A-464A-85E9-C43DFCABABCB}.Release|Any CPU.Build.0 = Release|Any CPU
		{DAFC0772-A670-4AB4-A19A-FA74FA42B4E9}.Debug|Any CPU.ActiveCfg = Debug|Any CPU
		{DAFC0772-A670-4AB4-A19A-FA74FA42B4E9}.Debug|Any CPU.Build.0 = Debug|Any CPU
		{DAFC0772-A670-4AB4-A19A-FA74FA42B4E9}.Release|Any CPU.ActiveCfg = Release|Any CPU
		{DAFC0772-A670-4AB4-A19A-FA74FA42B4E9}.Release|Any CPU.Build.0 = Release|Any CPU
		{181AAFA6-A05D-4501-99E4-BE3B6EDA8C00}.Debug|Any CPU.ActiveCfg = Debug|Any CPU
		{181AAFA6-A05D-4501-99E4-BE3B6EDA8C00}.Debug|Any CPU.Build.0 = Debug|Any CPU
		{181AAFA6-A05D-4501-99E4-BE3B6EDA8C00}.Release|Any CPU.ActiveCfg = Release|Any CPU
		{181AAFA6-A05D-4501-99E4-BE3B6EDA8C00}.Release|Any CPU.Build.0 = Release|Any CPU
		{7D070EFF-3D8F-4629-B762-3E961784B6DE}.Debug|Any CPU.ActiveCfg = Debug|Any CPU
		{7D070EFF-3D8F-4629-B762-3E961784B6DE}.Debug|Any CPU.Build.0 = Debug|Any CPU
		{7D070EFF-3D8F-4629-B762-3E961784B6DE}.Release|Any CPU.ActiveCfg = Release|Any CPU
		{7D070EFF-3D8F-4629-B762-3E961784B6DE}.Release|Any CPU.Build.0 = Release|Any CPU
		{22154036-4A51-4229-9FA4-BFFE9CC4DC6B}.Debug|Any CPU.ActiveCfg = Debug|Any CPU
		{22154036-4A51-4229-9FA4-BFFE9CC4DC6B}.Debug|Any CPU.Build.0 = Debug|Any CPU
		{22154036-4A51-4229-9FA4-BFFE9CC4DC6B}.Release|Any CPU.ActiveCfg = Release|Any CPU
		{22154036-4A51-4229-9FA4-BFFE9CC4DC6B}.Release|Any CPU.Build.0 = Release|Any CPU
	EndGlobalSection
EndGlobal
